// !$*UTF8*$!
{
	archiveVersion = 1;
	classes = {
	};
	objectVersion = 50;
	objects = {

/* Begin PBXBuildFile section */
		46CAC2D02151C63D009101D7 /* AppDelegate.swift in Sources */ = {isa = PBXBuildFile; fileRef = 46CAC2CF2151C63D009101D7 /* AppDelegate.swift */; };
		46CAC2D22151C63D009101D7 /* ViewController.swift in Sources */ = {isa = PBXBuildFile; fileRef = 46CAC2D12151C63D009101D7 /* ViewController.swift */; };
		46CAC2D52151C63D009101D7 /* Main.storyboard in Resources */ = {isa = PBXBuildFile; fileRef = 46CAC2D32151C63D009101D7 /* Main.storyboard */; };
		46CAC2D72151C63F009101D7 /* Assets.xcassets in Resources */ = {isa = PBXBuildFile; fileRef = 46CAC2D62151C63F009101D7 /* Assets.xcassets */; };
		46CAC2DA2151C63F009101D7 /* LaunchScreen.storyboard in Resources */ = {isa = PBXBuildFile; fileRef = 46CAC2D82151C63F009101D7 /* LaunchScreen.storyboard */; };
		46CAC2E52151C63F009101D7 /* WorkoutTrackerTests.swift in Sources */ = {isa = PBXBuildFile; fileRef = 46CAC2E42151C63F009101D7 /* WorkoutTrackerTests.swift */; };
		46CAC2F02151C63F009101D7 /* WorkoutTrackerUITests.swift in Sources */ = {isa = PBXBuildFile; fileRef = 46CAC2EF2151C63F009101D7 /* WorkoutTrackerUITests.swift */; };
		46CAC3002151C7BC009101D7 /* Identifier.swift in Sources */ = {isa = PBXBuildFile; fileRef = 46CAC2FF2151C7BC009101D7 /* Identifier.swift */; };
		46CAC3022151C804009101D7 /* ExerciseIdentifier.swift in Sources */ = {isa = PBXBuildFile; fileRef = 46CAC3012151C804009101D7 /* ExerciseIdentifier.swift */; };
		46CAC3042151C885009101D7 /* Exercise.swift in Sources */ = {isa = PBXBuildFile; fileRef = 46CAC3032151C885009101D7 /* Exercise.swift */; };
		46CAC3062151C921009101D7 /* ExerciseSet.swift in Sources */ = {isa = PBXBuildFile; fileRef = 46CAC3052151C921009101D7 /* ExerciseSet.swift */; };
		46CAC3082151C951009101D7 /* Routine.swift in Sources */ = {isa = PBXBuildFile; fileRef = 46CAC3072151C951009101D7 /* Routine.swift */; };
		46CAC30A2151C990009101D7 /* RoutineIdentifier.swift in Sources */ = {isa = PBXBuildFile; fileRef = 46CAC3092151C990009101D7 /* RoutineIdentifier.swift */; };
		46CAC30C2151CB3C009101D7 /* Workout.swift in Sources */ = {isa = PBXBuildFile; fileRef = 46CAC30B2151CB3C009101D7 /* Workout.swift */; };
		46CAC30E2151CB6D009101D7 /* WorkoutIdentifier.swift in Sources */ = {isa = PBXBuildFile; fileRef = 46CAC30D2151CB6D009101D7 /* WorkoutIdentifier.swift */; };
		46CAC3102151CBDE009101D7 /* WorkoutSession.swift in Sources */ = {isa = PBXBuildFile; fileRef = 46CAC30F2151CBDE009101D7 /* WorkoutSession.swift */; };
		46CAC3122151CBEE009101D7 /* WorkoutSessionIdentifier.swift in Sources */ = {isa = PBXBuildFile; fileRef = 46CAC3112151CBEE009101D7 /* WorkoutSessionIdentifier.swift */; };
		46CAC3152151CD4E009101D7 /* WorkoutSessionState.swift in Sources */ = {isa = PBXBuildFile; fileRef = 46CAC3142151CD4E009101D7 /* WorkoutSessionState.swift */; };
		46CAC3172151D84B009101D7 /* WorkoutSessionTests.swift in Sources */ = {isa = PBXBuildFile; fileRef = 46CAC3162151D84B009101D7 /* WorkoutSessionTests.swift */; };
		46CAC31C2151E939009101D7 /* RoutineTests.swift in Sources */ = {isa = PBXBuildFile; fileRef = 46CAC31B2151E939009101D7 /* RoutineTests.swift */; };
		46CAC31E2151E949009101D7 /* WorkoutTests.swift in Sources */ = {isa = PBXBuildFile; fileRef = 46CAC31D2151E949009101D7 /* WorkoutTests.swift */; };
/* End PBXBuildFile section */

/* Begin PBXContainerItemProxy section */
		46CAC2E12151C63F009101D7 /* PBXContainerItemProxy */ = {
			isa = PBXContainerItemProxy;
			containerPortal = 46CAC2C42151C63D009101D7 /* Project object */;
			proxyType = 1;
			remoteGlobalIDString = 46CAC2CB2151C63D009101D7;
			remoteInfo = WorkoutTracker;
		};
		46CAC2EC2151C63F009101D7 /* PBXContainerItemProxy */ = {
			isa = PBXContainerItemProxy;
			containerPortal = 46CAC2C42151C63D009101D7 /* Project object */;
			proxyType = 1;
			remoteGlobalIDString = 46CAC2CB2151C63D009101D7;
			remoteInfo = WorkoutTracker;
		};
/* End PBXContainerItemProxy section */

/* Begin PBXFileReference section */
		46CAC2CC2151C63D009101D7 /* WorkoutTracker.app */ = {isa = PBXFileReference; explicitFileType = wrapper.application; includeInIndex = 0; path = WorkoutTracker.app; sourceTree = BUILT_PRODUCTS_DIR; };
		46CAC2CF2151C63D009101D7 /* AppDelegate.swift */ = {isa = PBXFileReference; lastKnownFileType = sourcecode.swift; path = AppDelegate.swift; sourceTree = "<group>"; };
		46CAC2D12151C63D009101D7 /* ViewController.swift */ = {isa = PBXFileReference; lastKnownFileType = sourcecode.swift; path = ViewController.swift; sourceTree = "<group>"; };
		46CAC2D42151C63D009101D7 /* Base */ = {isa = PBXFileReference; lastKnownFileType = file.storyboard; name = Base; path = Base.lproj/Main.storyboard; sourceTree = "<group>"; };
		46CAC2D62151C63F009101D7 /* Assets.xcassets */ = {isa = PBXFileReference; lastKnownFileType = folder.assetcatalog; path = Assets.xcassets; sourceTree = "<group>"; };
		46CAC2D92151C63F009101D7 /* Base */ = {isa = PBXFileReference; lastKnownFileType = file.storyboard; name = Base; path = Base.lproj/LaunchScreen.storyboard; sourceTree = "<group>"; };
		46CAC2DB2151C63F009101D7 /* Info.plist */ = {isa = PBXFileReference; lastKnownFileType = text.plist.xml; path = Info.plist; sourceTree = "<group>"; };
		46CAC2E02151C63F009101D7 /* WorkoutTrackerTests.xctest */ = {isa = PBXFileReference; explicitFileType = wrapper.cfbundle; includeInIndex = 0; path = WorkoutTrackerTests.xctest; sourceTree = BUILT_PRODUCTS_DIR; };
		46CAC2E42151C63F009101D7 /* WorkoutTrackerTests.swift */ = {isa = PBXFileReference; lastKnownFileType = sourcecode.swift; path = WorkoutTrackerTests.swift; sourceTree = "<group>"; };
		46CAC2E62151C63F009101D7 /* Info.plist */ = {isa = PBXFileReference; lastKnownFileType = text.plist.xml; path = Info.plist; sourceTree = "<group>"; };
		46CAC2EB2151C63F009101D7 /* WorkoutTrackerUITests.xctest */ = {isa = PBXFileReference; explicitFileType = wrapper.cfbundle; includeInIndex = 0; path = WorkoutTrackerUITests.xctest; sourceTree = BUILT_PRODUCTS_DIR; };
		46CAC2EF2151C63F009101D7 /* WorkoutTrackerUITests.swift */ = {isa = PBXFileReference; lastKnownFileType = sourcecode.swift; path = WorkoutTrackerUITests.swift; sourceTree = "<group>"; };
		46CAC2F12151C63F009101D7 /* Info.plist */ = {isa = PBXFileReference; lastKnownFileType = text.plist.xml; path = Info.plist; sourceTree = "<group>"; };
		46CAC2FF2151C7BC009101D7 /* Identifier.swift */ = {isa = PBXFileReference; lastKnownFileType = sourcecode.swift; path = Identifier.swift; sourceTree = "<group>"; };
		46CAC3012151C804009101D7 /* ExerciseIdentifier.swift */ = {isa = PBXFileReference; lastKnownFileType = sourcecode.swift; path = ExerciseIdentifier.swift; sourceTree = "<group>"; };
		46CAC3032151C885009101D7 /* Exercise.swift */ = {isa = PBXFileReference; lastKnownFileType = sourcecode.swift; path = Exercise.swift; sourceTree = "<group>"; };
		46CAC3052151C921009101D7 /* ExerciseSet.swift */ = {isa = PBXFileReference; lastKnownFileType = sourcecode.swift; path = ExerciseSet.swift; sourceTree = "<group>"; };
		46CAC3072151C951009101D7 /* Routine.swift */ = {isa = PBXFileReference; lastKnownFileType = sourcecode.swift; path = Routine.swift; sourceTree = "<group>"; };
		46CAC3092151C990009101D7 /* RoutineIdentifier.swift */ = {isa = PBXFileReference; lastKnownFileType = sourcecode.swift; path = RoutineIdentifier.swift; sourceTree = "<group>"; };
		46CAC30B2151CB3C009101D7 /* Workout.swift */ = {isa = PBXFileReference; lastKnownFileType = sourcecode.swift; path = Workout.swift; sourceTree = "<group>"; };
		46CAC30D2151CB6D009101D7 /* WorkoutIdentifier.swift */ = {isa = PBXFileReference; lastKnownFileType = sourcecode.swift; path = WorkoutIdentifier.swift; sourceTree = "<group>"; };
		46CAC30F2151CBDE009101D7 /* WorkoutSession.swift */ = {isa = PBXFileReference; lastKnownFileType = sourcecode.swift; path = WorkoutSession.swift; sourceTree = "<group>"; };
		46CAC3112151CBEE009101D7 /* WorkoutSessionIdentifier.swift */ = {isa = PBXFileReference; lastKnownFileType = sourcecode.swift; path = WorkoutSessionIdentifier.swift; sourceTree = "<group>"; };
		46CAC3142151CD4E009101D7 /* WorkoutSessionState.swift */ = {isa = PBXFileReference; lastKnownFileType = sourcecode.swift; path = WorkoutSessionState.swift; sourceTree = "<group>"; };
		46CAC3162151D84B009101D7 /* WorkoutSessionTests.swift */ = {isa = PBXFileReference; lastKnownFileType = sourcecode.swift; path = WorkoutSessionTests.swift; sourceTree = "<group>"; };
		46CAC31B2151E939009101D7 /* RoutineTests.swift */ = {isa = PBXFileReference; lastKnownFileType = sourcecode.swift; path = RoutineTests.swift; sourceTree = "<group>"; };
		46CAC31D2151E949009101D7 /* WorkoutTests.swift */ = {isa = PBXFileReference; lastKnownFileType = sourcecode.swift; path = WorkoutTests.swift; sourceTree = "<group>"; };
/* End PBXFileReference section */

/* Begin PBXFrameworksBuildPhase section */
		46CAC2C92151C63D009101D7 /* Frameworks */ = {
			isa = PBXFrameworksBuildPhase;
			buildActionMask = 2147483647;
			files = (
			);
			runOnlyForDeploymentPostprocessing = 0;
		};
		46CAC2DD2151C63F009101D7 /* Frameworks */ = {
			isa = PBXFrameworksBuildPhase;
			buildActionMask = 2147483647;
			files = (
			);
			runOnlyForDeploymentPostprocessing = 0;
		};
		46CAC2E82151C63F009101D7 /* Frameworks */ = {
			isa = PBXFrameworksBuildPhase;
			buildActionMask = 2147483647;
			files = (
			);
			runOnlyForDeploymentPostprocessing = 0;
		};
/* End PBXFrameworksBuildPhase section */

/* Begin PBXGroup section */
		46CAC2C32151C63D009101D7 = {
			isa = PBXGroup;
			children = (
				46CAC2CE2151C63D009101D7 /* WorkoutTracker */,
				46CAC2E32151C63F009101D7 /* WorkoutTrackerTests */,
				46CAC2EE2151C63F009101D7 /* WorkoutTrackerUITests */,
				46CAC2CD2151C63D009101D7 /* Products */,
			);
			sourceTree = "<group>";
		};
		46CAC2CD2151C63D009101D7 /* Products */ = {
			isa = PBXGroup;
			children = (
				46CAC2CC2151C63D009101D7 /* WorkoutTracker.app */,
				46CAC2E02151C63F009101D7 /* WorkoutTrackerTests.xctest */,
				46CAC2EB2151C63F009101D7 /* WorkoutTrackerUITests.xctest */,
			);
			name = Products;
			sourceTree = "<group>";
		};
		46CAC2CE2151C63D009101D7 /* WorkoutTracker */ = {
			isa = PBXGroup;
			children = (
				46CAC2FE2151C762009101D7 /* Identifiers */,
				46CAC2FD2151C740009101D7 /* Data Structures */,
				46CAC2CF2151C63D009101D7 /* AppDelegate.swift */,
				46CAC2D12151C63D009101D7 /* ViewController.swift */,
				46CAC2D32151C63D009101D7 /* Main.storyboard */,
				46CAC2D62151C63F009101D7 /* Assets.xcassets */,
				46CAC2D82151C63F009101D7 /* LaunchScreen.storyboard */,
				46CAC2DB2151C63F009101D7 /* Info.plist */,
			);
			path = WorkoutTracker;
			sourceTree = "<group>";
		};
		46CAC2E32151C63F009101D7 /* WorkoutTrackerTests */ = {
			isa = PBXGroup;
			children = (
				46CAC31B2151E939009101D7 /* RoutineTests.swift */,
				46CAC31D2151E949009101D7 /* WorkoutTests.swift */,
				46CAC3162151D84B009101D7 /* WorkoutSessionTests.swift */,
				46CAC2E42151C63F009101D7 /* WorkoutTrackerTests.swift */,
				46CAC2E62151C63F009101D7 /* Info.plist */,
			);
			path = WorkoutTrackerTests;
			sourceTree = "<group>";
		};
		46CAC2EE2151C63F009101D7 /* WorkoutTrackerUITests */ = {
			isa = PBXGroup;
			children = (
				46CAC2EF2151C63F009101D7 /* WorkoutTrackerUITests.swift */,
				46CAC2F12151C63F009101D7 /* Info.plist */,
			);
			path = WorkoutTrackerUITests;
			sourceTree = "<group>";
		};
		46CAC2FD2151C740009101D7 /* Data Structures */ = {
			isa = PBXGroup;
			children = (
				46CAC3032151C885009101D7 /* Exercise.swift */,
				46CAC3052151C921009101D7 /* ExerciseSet.swift */,
				46CAC3072151C951009101D7 /* Routine.swift */,
				46CAC30B2151CB3C009101D7 /* Workout.swift */,
				46CAC3132151CD01009101D7 /* Workout Session */,
			);
			path = "Data Structures";
			sourceTree = "<group>";
		};
		46CAC2FE2151C762009101D7 /* Identifiers */ = {
			isa = PBXGroup;
			children = (
				46CAC2FF2151C7BC009101D7 /* Identifier.swift */,
				46CAC3012151C804009101D7 /* ExerciseIdentifier.swift */,
				46CAC3092151C990009101D7 /* RoutineIdentifier.swift */,
				46CAC30D2151CB6D009101D7 /* WorkoutIdentifier.swift */,
				46CAC3112151CBEE009101D7 /* WorkoutSessionIdentifier.swift */,
			);
			path = Identifiers;
			sourceTree = "<group>";
		};
		46CAC3132151CD01009101D7 /* Workout Session */ = {
			isa = PBXGroup;
			children = (
				46CAC30F2151CBDE009101D7 /* WorkoutSession.swift */,
				46CAC3142151CD4E009101D7 /* WorkoutSessionState.swift */,
			);
			path = "Workout Session";
			sourceTree = "<group>";
		};
/* End PBXGroup section */

/* Begin PBXNativeTarget section */
		46CAC2CB2151C63D009101D7 /* WorkoutTracker */ = {
			isa = PBXNativeTarget;
			buildConfigurationList = 46CAC2F42151C63F009101D7 /* Build configuration list for PBXNativeTarget "WorkoutTracker" */;
			buildPhases = (
				46CAC2C82151C63D009101D7 /* Sources */,
				46CAC2C92151C63D009101D7 /* Frameworks */,
				46CAC2CA2151C63D009101D7 /* Resources */,
			);
			buildRules = (
			);
			dependencies = (
			);
			name = WorkoutTracker;
			productName = WorkoutTracker;
			productReference = 46CAC2CC2151C63D009101D7 /* WorkoutTracker.app */;
			productType = "com.apple.product-type.application";
		};
		46CAC2DF2151C63F009101D7 /* WorkoutTrackerTests */ = {
			isa = PBXNativeTarget;
			buildConfigurationList = 46CAC2F72151C63F009101D7 /* Build configuration list for PBXNativeTarget "WorkoutTrackerTests" */;
			buildPhases = (
				46CAC2DC2151C63F009101D7 /* Sources */,
				46CAC2DD2151C63F009101D7 /* Frameworks */,
				46CAC2DE2151C63F009101D7 /* Resources */,
			);
			buildRules = (
			);
			dependencies = (
				46CAC2E22151C63F009101D7 /* PBXTargetDependency */,
			);
			name = WorkoutTrackerTests;
			productName = WorkoutTrackerTests;
			productReference = 46CAC2E02151C63F009101D7 /* WorkoutTrackerTests.xctest */;
			productType = "com.apple.product-type.bundle.unit-test";
		};
		46CAC2EA2151C63F009101D7 /* WorkoutTrackerUITests */ = {
			isa = PBXNativeTarget;
			buildConfigurationList = 46CAC2FA2151C63F009101D7 /* Build configuration list for PBXNativeTarget "WorkoutTrackerUITests" */;
			buildPhases = (
				46CAC2E72151C63F009101D7 /* Sources */,
				46CAC2E82151C63F009101D7 /* Frameworks */,
				46CAC2E92151C63F009101D7 /* Resources */,
			);
			buildRules = (
			);
			dependencies = (
				46CAC2ED2151C63F009101D7 /* PBXTargetDependency */,
			);
			name = WorkoutTrackerUITests;
			productName = WorkoutTrackerUITests;
			productReference = 46CAC2EB2151C63F009101D7 /* WorkoutTrackerUITests.xctest */;
			productType = "com.apple.product-type.bundle.ui-testing";
		};
/* End PBXNativeTarget section */

/* Begin PBXProject section */
		46CAC2C42151C63D009101D7 /* Project object */ = {
			isa = PBXProject;
			attributes = {
				LastSwiftUpdateCheck = 1000;
				LastUpgradeCheck = 1000;
				ORGANIZATIONNAME = "Austin Heath";
				TargetAttributes = {
					46CAC2CB2151C63D009101D7 = {
						CreatedOnToolsVersion = 10.0;
					};
					46CAC2DF2151C63F009101D7 = {
						CreatedOnToolsVersion = 10.0;
						TestTargetID = 46CAC2CB2151C63D009101D7;
					};
					46CAC2EA2151C63F009101D7 = {
						CreatedOnToolsVersion = 10.0;
						TestTargetID = 46CAC2CB2151C63D009101D7;
					};
				};
			};
			buildConfigurationList = 46CAC2C72151C63D009101D7 /* Build configuration list for PBXProject "WorkoutTracker" */;
			compatibilityVersion = "Xcode 9.3";
			developmentRegion = en;
			hasScannedForEncodings = 0;
			knownRegions = (
				en,
				Base,
			);
			mainGroup = 46CAC2C32151C63D009101D7;
			productRefGroup = 46CAC2CD2151C63D009101D7 /* Products */;
			projectDirPath = "";
			projectRoot = "";
			targets = (
				46CAC2CB2151C63D009101D7 /* WorkoutTracker */,
				46CAC2DF2151C63F009101D7 /* WorkoutTrackerTests */,
				46CAC2EA2151C63F009101D7 /* WorkoutTrackerUITests */,
			);
		};
/* End PBXProject section */

/* Begin PBXResourcesBuildPhase section */
		46CAC2CA2151C63D009101D7 /* Resources */ = {
			isa = PBXResourcesBuildPhase;
			buildActionMask = 2147483647;
			files = (
				46CAC2DA2151C63F009101D7 /* LaunchScreen.storyboard in Resources */,
				46CAC2D72151C63F009101D7 /* Assets.xcassets in Resources */,
				46CAC2D52151C63D009101D7 /* Main.storyboard in Resources */,
			);
			runOnlyForDeploymentPostprocessing = 0;
		};
		46CAC2DE2151C63F009101D7 /* Resources */ = {
			isa = PBXResourcesBuildPhase;
			buildActionMask = 2147483647;
			files = (
			);
			runOnlyForDeploymentPostprocessing = 0;
		};
		46CAC2E92151C63F009101D7 /* Resources */ = {
			isa = PBXResourcesBuildPhase;
			buildActionMask = 2147483647;
			files = (
			);
			runOnlyForDeploymentPostprocessing = 0;
		};
/* End PBXResourcesBuildPhase section */

/* Begin PBXSourcesBuildPhase section */
		46CAC2C82151C63D009101D7 /* Sources */ = {
			isa = PBXSourcesBuildPhase;
			buildActionMask = 2147483647;
			files = (
				46CAC3062151C921009101D7 /* ExerciseSet.swift in Sources */,
				46CAC3082151C951009101D7 /* Routine.swift in Sources */,
				46CAC3042151C885009101D7 /* Exercise.swift in Sources */,
				46CAC3102151CBDE009101D7 /* WorkoutSession.swift in Sources */,
				46CAC30A2151C990009101D7 /* RoutineIdentifier.swift in Sources */,
				46CAC2D22151C63D009101D7 /* ViewController.swift in Sources */,
				46CAC30C2151CB3C009101D7 /* Workout.swift in Sources */,
				46CAC3122151CBEE009101D7 /* WorkoutSessionIdentifier.swift in Sources */,
				46CAC30E2151CB6D009101D7 /* WorkoutIdentifier.swift in Sources */,
				46CAC3002151C7BC009101D7 /* Identifier.swift in Sources */,
				46CAC3022151C804009101D7 /* ExerciseIdentifier.swift in Sources */,
				46CAC2D02151C63D009101D7 /* AppDelegate.swift in Sources */,
				46CAC3152151CD4E009101D7 /* WorkoutSessionState.swift in Sources */,
			);
			runOnlyForDeploymentPostprocessing = 0;
		};
		46CAC2DC2151C63F009101D7 /* Sources */ = {
			isa = PBXSourcesBuildPhase;
			buildActionMask = 2147483647;
			files = (
				46CAC31C2151E939009101D7 /* RoutineTests.swift in Sources */,
				46CAC3172151D84B009101D7 /* WorkoutSessionTests.swift in Sources */,
				46CAC2E52151C63F009101D7 /* WorkoutTrackerTests.swift in Sources */,
				46CAC31E2151E949009101D7 /* WorkoutTests.swift in Sources */,
			);
			runOnlyForDeploymentPostprocessing = 0;
		};
		46CAC2E72151C63F009101D7 /* Sources */ = {
			isa = PBXSourcesBuildPhase;
			buildActionMask = 2147483647;
			files = (
				46CAC2F02151C63F009101D7 /* WorkoutTrackerUITests.swift in Sources */,
			);
			runOnlyForDeploymentPostprocessing = 0;
		};
/* End PBXSourcesBuildPhase section */

/* Begin PBXTargetDependency section */
		46CAC2E22151C63F009101D7 /* PBXTargetDependency */ = {
			isa = PBXTargetDependency;
			target = 46CAC2CB2151C63D009101D7 /* WorkoutTracker */;
			targetProxy = 46CAC2E12151C63F009101D7 /* PBXContainerItemProxy */;
		};
		46CAC2ED2151C63F009101D7 /* PBXTargetDependency */ = {
			isa = PBXTargetDependency;
			target = 46CAC2CB2151C63D009101D7 /* WorkoutTracker */;
			targetProxy = 46CAC2EC2151C63F009101D7 /* PBXContainerItemProxy */;
		};
/* End PBXTargetDependency section */

/* Begin PBXVariantGroup section */
		46CAC2D32151C63D009101D7 /* Main.storyboard */ = {
			isa = PBXVariantGroup;
			children = (
				46CAC2D42151C63D009101D7 /* Base */,
			);
			name = Main.storyboard;
			sourceTree = "<group>";
		};
		46CAC2D82151C63F009101D7 /* LaunchScreen.storyboard */ = {
			isa = PBXVariantGroup;
			children = (
				46CAC2D92151C63F009101D7 /* Base */,
			);
			name = LaunchScreen.storyboard;
			sourceTree = "<group>";
		};
/* End PBXVariantGroup section */

/* Begin XCBuildConfiguration section */
		46CAC2F22151C63F009101D7 /* Debug */ = {
			isa = XCBuildConfiguration;
			buildSettings = {
				ALWAYS_SEARCH_USER_PATHS = NO;
				CLANG_ANALYZER_NONNULL = YES;
				CLANG_ANALYZER_NUMBER_OBJECT_CONVERSION = YES_AGGRESSIVE;
				CLANG_CXX_LANGUAGE_STANDARD = "gnu++14";
				CLANG_CXX_LIBRARY = "libc++";
				CLANG_ENABLE_MODULES = YES;
				CLANG_ENABLE_OBJC_ARC = YES;
				CLANG_ENABLE_OBJC_WEAK = YES;
				CLANG_WARN_BLOCK_CAPTURE_AUTORELEASING = YES;
				CLANG_WARN_BOOL_CONVERSION = YES;
				CLANG_WARN_COMMA = YES;
				CLANG_WARN_CONSTANT_CONVERSION = YES;
				CLANG_WARN_DEPRECATED_OBJC_IMPLEMENTATIONS = YES;
				CLANG_WARN_DIRECT_OBJC_ISA_USAGE = YES_ERROR;
				CLANG_WARN_DOCUMENTATION_COMMENTS = YES;
				CLANG_WARN_EMPTY_BODY = YES;
				CLANG_WARN_ENUM_CONVERSION = YES;
				CLANG_WARN_INFINITE_RECURSION = YES;
				CLANG_WARN_INT_CONVERSION = YES;
				CLANG_WARN_NON_LITERAL_NULL_CONVERSION = YES;
				CLANG_WARN_OBJC_IMPLICIT_RETAIN_SELF = YES;
				CLANG_WARN_OBJC_LITERAL_CONVERSION = YES;
				CLANG_WARN_OBJC_ROOT_CLASS = YES_ERROR;
				CLANG_WARN_RANGE_LOOP_ANALYSIS = YES;
				CLANG_WARN_STRICT_PROTOTYPES = YES;
				CLANG_WARN_SUSPICIOUS_MOVE = YES;
				CLANG_WARN_UNGUARDED_AVAILABILITY = YES_AGGRESSIVE;
				CLANG_WARN_UNREACHABLE_CODE = YES;
				CLANG_WARN__DUPLICATE_METHOD_MATCH = YES;
				CODE_SIGN_IDENTITY = "iPhone Developer";
				COPY_PHASE_STRIP = NO;
				DEBUG_INFORMATION_FORMAT = dwarf;
				ENABLE_STRICT_OBJC_MSGSEND = YES;
				ENABLE_TESTABILITY = YES;
				GCC_C_LANGUAGE_STANDARD = gnu11;
				GCC_DYNAMIC_NO_PIC = NO;
				GCC_NO_COMMON_BLOCKS = YES;
				GCC_OPTIMIZATION_LEVEL = 0;
				GCC_PREPROCESSOR_DEFINITIONS = (
					"DEBUG=1",
					"$(inherited)",
				);
				GCC_WARN_64_TO_32_BIT_CONVERSION = YES;
				GCC_WARN_ABOUT_RETURN_TYPE = YES_ERROR;
				GCC_WARN_UNDECLARED_SELECTOR = YES;
				GCC_WARN_UNINITIALIZED_AUTOS = YES_AGGRESSIVE;
				GCC_WARN_UNUSED_FUNCTION = YES;
				GCC_WARN_UNUSED_VARIABLE = YES;
				IPHONEOS_DEPLOYMENT_TARGET = 12.0;
				MTL_ENABLE_DEBUG_INFO = INCLUDE_SOURCE;
				MTL_FAST_MATH = YES;
				ONLY_ACTIVE_ARCH = YES;
				SDKROOT = iphoneos;
				SWIFT_ACTIVE_COMPILATION_CONDITIONS = DEBUG;
				SWIFT_OPTIMIZATION_LEVEL = "-Onone";
			};
			name = Debug;
		};
		46CAC2F32151C63F009101D7 /* Release */ = {
			isa = XCBuildConfiguration;
			buildSettings = {
				ALWAYS_SEARCH_USER_PATHS = NO;
				CLANG_ANALYZER_NONNULL = YES;
				CLANG_ANALYZER_NUMBER_OBJECT_CONVERSION = YES_AGGRESSIVE;
				CLANG_CXX_LANGUAGE_STANDARD = "gnu++14";
				CLANG_CXX_LIBRARY = "libc++";
				CLANG_ENABLE_MODULES = YES;
				CLANG_ENABLE_OBJC_ARC = YES;
				CLANG_ENABLE_OBJC_WEAK = YES;
				CLANG_WARN_BLOCK_CAPTURE_AUTORELEASING = YES;
				CLANG_WARN_BOOL_CONVERSION = YES;
				CLANG_WARN_COMMA = YES;
				CLANG_WARN_CONSTANT_CONVERSION = YES;
				CLANG_WARN_DEPRECATED_OBJC_IMPLEMENTATIONS = YES;
				CLANG_WARN_DIRECT_OBJC_ISA_USAGE = YES_ERROR;
				CLANG_WARN_DOCUMENTATION_COMMENTS = YES;
				CLANG_WARN_EMPTY_BODY = YES;
				CLANG_WARN_ENUM_CONVERSION = YES;
				CLANG_WARN_INFINITE_RECURSION = YES;
				CLANG_WARN_INT_CONVERSION = YES;
				CLANG_WARN_NON_LITERAL_NULL_CONVERSION = YES;
				CLANG_WARN_OBJC_IMPLICIT_RETAIN_SELF = YES;
				CLANG_WARN_OBJC_LITERAL_CONVERSION = YES;
				CLANG_WARN_OBJC_ROOT_CLASS = YES_ERROR;
				CLANG_WARN_RANGE_LOOP_ANALYSIS = YES;
				CLANG_WARN_STRICT_PROTOTYPES = YES;
				CLANG_WARN_SUSPICIOUS_MOVE = YES;
				CLANG_WARN_UNGUARDED_AVAILABILITY = YES_AGGRESSIVE;
				CLANG_WARN_UNREACHABLE_CODE = YES;
				CLANG_WARN__DUPLICATE_METHOD_MATCH = YES;
				CODE_SIGN_IDENTITY = "iPhone Developer";
				COPY_PHASE_STRIP = NO;
				DEBUG_INFORMATION_FORMAT = "dwarf-with-dsym";
				ENABLE_NS_ASSERTIONS = NO;
				ENABLE_STRICT_OBJC_MSGSEND = YES;
				GCC_C_LANGUAGE_STANDARD = gnu11;
				GCC_NO_COMMON_BLOCKS = YES;
				GCC_WARN_64_TO_32_BIT_CONVERSION = YES;
				GCC_WARN_ABOUT_RETURN_TYPE = YES_ERROR;
				GCC_WARN_UNDECLARED_SELECTOR = YES;
				GCC_WARN_UNINITIALIZED_AUTOS = YES_AGGRESSIVE;
				GCC_WARN_UNUSED_FUNCTION = YES;
				GCC_WARN_UNUSED_VARIABLE = YES;
				IPHONEOS_DEPLOYMENT_TARGET = 12.0;
				MTL_ENABLE_DEBUG_INFO = NO;
				MTL_FAST_MATH = YES;
				SDKROOT = iphoneos;
				SWIFT_COMPILATION_MODE = wholemodule;
				SWIFT_OPTIMIZATION_LEVEL = "-O";
				VALIDATE_PRODUCT = YES;
			};
			name = Release;
		};
		46CAC2F52151C63F009101D7 /* Debug */ = {
			isa = XCBuildConfiguration;
			buildSettings = {
				ASSETCATALOG_COMPILER_APPICON_NAME = AppIcon;
				CODE_SIGN_STYLE = Automatic;
				DEVELOPMENT_TEAM = YKFWNAGC4X;
				INFOPLIST_FILE = WorkoutTracker/Info.plist;
				LD_RUNPATH_SEARCH_PATHS = (
					"$(inherited)",
					"@executable_path/Frameworks",
				);
				PRODUCT_BUNDLE_IDENTIFIER = me.austinheath.WorkoutTracker;
				PRODUCT_NAME = "$(TARGET_NAME)";
				SWIFT_VERSION = 4.2;
				TARGETED_DEVICE_FAMILY = "1,2";
			};
			name = Debug;
		};
		46CAC2F62151C63F009101D7 /* Release */ = {
			isa = XCBuildConfiguration;
			buildSettings = {
				ASSETCATALOG_COMPILER_APPICON_NAME = AppIcon;
				CODE_SIGN_STYLE = Automatic;
				DEVELOPMENT_TEAM = YKFWNAGC4X;
				INFOPLIST_FILE = WorkoutTracker/Info.plist;
				LD_RUNPATH_SEARCH_PATHS = (
					"$(inherited)",
					"@executable_path/Frameworks",
				);
				PRODUCT_BUNDLE_IDENTIFIER = me.austinheath.WorkoutTracker;
				PRODUCT_NAME = "$(TARGET_NAME)";
				SWIFT_VERSION = 4.2;
				TARGETED_DEVICE_FAMILY = "1,2";
			};
			name = Release;
		};
		46CAC2F82151C63F009101D7 /* Debug */ = {
			isa = XCBuildConfiguration;
			buildSettings = {
				ALWAYS_EMBED_SWIFT_STANDARD_LIBRARIES = YES;
				BUNDLE_LOADER = "$(TEST_HOST)";
				CODE_SIGN_STYLE = Automatic;
				DEVELOPMENT_TEAM = YKFWNAGC4X;
				INFOPLIST_FILE = WorkoutTrackerTests/Info.plist;
				LD_RUNPATH_SEARCH_PATHS = (
					"$(inherited)",
					"@executable_path/Frameworks",
					"@loader_path/Frameworks",
				);
				PRODUCT_BUNDLE_IDENTIFIER = me.austinheath.WorkoutTrackerTests;
				PRODUCT_NAME = "$(TARGET_NAME)";
				SWIFT_VERSION = 4.2;
				TARGETED_DEVICE_FAMILY = "1,2";
				TEST_HOST = "$(BUILT_PRODUCTS_DIR)/WorkoutTracker.app/WorkoutTracker";
			};
			name = Debug;
		};
		46CAC2F92151C63F009101D7 /* Release */ = {
			isa = XCBuildConfiguration;
			buildSettings = {
				ALWAYS_EMBED_SWIFT_STANDARD_LIBRARIES = YES;
				BUNDLE_LOADER = "$(TEST_HOST)";
				CODE_SIGN_STYLE = Automatic;
				DEVELOPMENT_TEAM = YKFWNAGC4X;
				INFOPLIST_FILE = WorkoutTrackerTests/Info.plist;
				LD_RUNPATH_SEARCH_PATHS = (
					"$(inherited)",
					"@executable_path/Frameworks",
					"@loader_path/Frameworks",
				);
				PRODUCT_BUNDLE_IDENTIFIER = me.austinheath.WorkoutTrackerTests;
				PRODUCT_NAME = "$(TARGET_NAME)";
				SWIFT_VERSION = 4.2;
				TARGETED_DEVICE_FAMILY = "1,2";
				TEST_HOST = "$(BUILT_PRODUCTS_DIR)/WorkoutTracker.app/WorkoutTracker";
			};
			name = Release;
		};
		46CAC2FB2151C63F009101D7 /* Debug */ = {
			isa = XCBuildConfiguration;
			buildSettings = {
				ALWAYS_EMBED_SWIFT_STANDARD_LIBRARIES = YES;
				CODE_SIGN_STYLE = Automatic;
				DEVELOPMENT_TEAM = YKFWNAGC4X;
				INFOPLIST_FILE = WorkoutTrackerUITests/Info.plist;
				LD_RUNPATH_SEARCH_PATHS = (
					"$(inherited)",
					"@executable_path/Frameworks",
					"@loader_path/Frameworks",
				);
				PRODUCT_BUNDLE_IDENTIFIER = me.austinheath.WorkoutTrackerUITests;
				PRODUCT_NAME = "$(TARGET_NAME)";
				SWIFT_VERSION = 4.2;
				TARGETED_DEVICE_FAMILY = "1,2";
				TEST_TARGET_NAME = WorkoutTracker;
			};
			name = Debug;
		};
		46CAC2FC2151C63F009101D7 /* Release */ = {
			isa = XCBuildConfiguration;
			buildSettings = {
				ALWAYS_EMBED_SWIFT_STANDARD_LIBRARIES = YES;
				CODE_SIGN_STYLE = Automatic;
				DEVELOPMENT_TEAM = YKFWNAGC4X;
				INFOPLIST_FILE = WorkoutTrackerUITests/Info.plist;
				LD_RUNPATH_SEARCH_PATHS = (
					"$(inherited)",
					"@executable_path/Frameworks",
					"@loader_path/Frameworks",
				);
				PRODUCT_BUNDLE_IDENTIFIER = me.austinheath.WorkoutTrackerUITests;
				PRODUCT_NAME = "$(TARGET_NAME)";
				SWIFT_VERSION = 4.2;
				TARGETED_DEVICE_FAMILY = "1,2";
				TEST_TARGET_NAME = WorkoutTracker;
			};
			name = Release;
		};
/* End XCBuildConfiguration section */

/* Begin XCConfigurationList section */
		46CAC2C72151C63D009101D7 /* Build configuration list for PBXProject "WorkoutTracker" */ = {
			isa = XCConfigurationList;
			buildConfigurations = (
				46CAC2F22151C63F009101D7 /* Debug */,
				46CAC2F32151C63F009101D7 /* Release */,
			);
			defaultConfigurationIsVisible = 0;
			defaultConfigurationName = Release;
		};
		46CAC2F42151C63F009101D7 /* Build configuration list for PBXNativeTarget "WorkoutTracker" */ = {
			isa = XCConfigurationList;
			buildConfigurations = (
				46CAC2F52151C63F009101D7 /* Debug */,
				46CAC2F62151C63F009101D7 /* Release */,
			);
			defaultConfigurationIsVisible = 0;
			defaultConfigurationName = Release;
		};
		46CAC2F72151C63F009101D7 /* Build configuration list for PBXNativeTarget "WorkoutTrackerTests" */ = {
			isa = XCConfigurationList;
			buildConfigurations = (
				46CAC2F82151C63F009101D7 /* Debug */,
				46CAC2F92151C63F009101D7 /* Release */,
			);
			defaultConfigurationIsVisible = 0;
			defaultConfigurationName = Release;
		};
		46CAC2FA2151C63F009101D7 /* Build configuration list for PBXNativeTarget "WorkoutTrackerUITests" */ = {
			isa = XCConfigurationList;
			buildConfigurations = (
				46CAC2FB2151C63F009101D7 /* Debug */,
				46CAC2FC2151C63F009101D7 /* Release */,
			);
			defaultConfigurationIsVisible = 0;
			defaultConfigurationName = Release;
		};
/* End XCConfigurationList section */
	};
	rootObject = 46CAC2C42151C63D009101D7 /* Project object */;
}
